
Microsoft Visual Studio Solution File, Format Version 12.00
# Visual Studio 15
VisualStudioVersion = 15.0.27428.2037
MinimumVisualStudioVersion = 10.0.40219.1
Project("{FAE04EC0-301F-11D3-BF4B-00C04F79EFBC}") = "RestaurantReviews.Library", "RestaurantReviews.Library\RestaurantReviews.Library.csproj", "{E12E2B3E-AF34-4AE2-998A-DC6AA020BF17}"
EndProject
Global
	GlobalSection(SolutionConfigurationPlatforms) = preSolution
		Debug|Any CPU = Debug|Any CPU
		Release|Any CPU = Release|Any CPU
	EndGlobalSection
	GlobalSection(ProjectConfigurationPlatforms) = postSolution
		{E12E2B3E-AF34-4AE2-998A-DC6AA020BF17}.Debug|Any CPU.ActiveCfg = Debug|Any CPU
		{E12E2B3E-AF34-4AE2-998A-DC6AA020BF17}.Debug|Any CPU.Build.0 = Debug|Any CPU
		{E12E2B3E-AF34-4AE2-998A-DC6AA020BF17}.Release|Any CPU.ActiveCfg = Release|Any CPU
		{E12E2B3E-AF34-4AE2-998A-DC6AA020BF17}.Release|Any CPU.Build.0 = Release|Any CPU
	EndGlobalSection
	GlobalSection(SolutionProperties) = preSolution
		HideSolutionNode = FALSE
	EndGlobalSection
	GlobalSection(ExtensibilityGlobals) = postSolution
		SolutionGuid = {276558DA-591C-4B41-8D8F-FCE45976FEC6}
	EndGlobalSection
EndGlobal
